// !$*UTF8*$!
{
	archiveVersion = 1;
	classes = {
	};
	objectVersion = 50;
	objects = {

/* Begin PBXBuildFile section */
		7D5E5B4921119608005D2EA7 /* Main.storyboard in Resources */ = {isa = PBXBuildFile; fileRef = 7D5E5B4721119608005D2EA7 /* Main.storyboard */; };
		7D5E5B4B21119609005D2EA7 /* Assets.xcassets in Resources */ = {isa = PBXBuildFile; fileRef = 7D5E5B4A21119609005D2EA7 /* Assets.xcassets */; };
		7D5E5B4E21119609005D2EA7 /* LaunchScreen.storyboard in Resources */ = {isa = PBXBuildFile; fileRef = 7D5E5B4C21119609005D2EA7 /* LaunchScreen.storyboard */; };
		7D5E5B5D2111A39A005D2EA7 /* AppDelegate.m in Sources */ = {isa = PBXBuildFile; fileRef = 7D5E5B582111A399005D2EA7 /* AppDelegate.m */; };
		7D5E5B5E2111A39A005D2EA7 /* main.m in Sources */ = {isa = PBXBuildFile; fileRef = 7D5E5B592111A399005D2EA7 /* main.m */; };
		7D5E5B5F2111A39A005D2EA7 /* ViewController.m in Sources */ = {isa = PBXBuildFile; fileRef = 7D5E5B5B2111A399005D2EA7 /* ViewController.m */; };
		7D5E5B602111A39A005D2EA7 /* Info.plist in Resources */ = {isa = PBXBuildFile; fileRef = 7D5E5B5C2111A39A005D2EA7 /* Info.plist */; };
		7D5E5B622111A3A8005D2EA7 /* Default-568h@2x.png in Resources */ = {isa = PBXBuildFile; fileRef = 7D5E5B612111A3A8005D2EA7 /* Default-568h@2x.png */; };
/* End PBXBuildFile section */

/* Begin PBXFileReference section */
		7D5E5B3E21119608005D2EA7 /* ZhiXin_test.app */ = {isa = PBXFileReference; explicitFileType = wrapper.application; includeInIndex = 0; path = ZhiXin_test.app; sourceTree = BUILT_PRODUCTS_DIR; };
		7D5E5B4821119608005D2EA7 /* Base */ = {isa = PBXFileReference; lastKnownFileType = file.storyboard; name = Base; path = Base.lproj/Main.storyboard; sourceTree = "<group>"; };
		7D5E5B4A21119609005D2EA7 /* Assets.xcassets */ = {isa = PBXFileReference; lastKnownFileType = folder.assetcatalog; path = Assets.xcassets; sourceTree = "<group>"; };
		7D5E5B4D21119609005D2EA7 /* Base */ = {isa = PBXFileReference; lastKnownFileType = file.storyboard; name = Base; path = Base.lproj/LaunchScreen.storyboard; sourceTree = "<group>"; };
		7D5E5B572111A399005D2EA7 /* AppDelegate.h */ = {isa = PBXFileReference; fileEncoding = 4; lastKnownFileType = sourcecode.c.h; name = AppDelegate.h; path = Classes/AppDelegate.h; sourceTree = "<group>"; };
		7D5E5B582111A399005D2EA7 /* AppDelegate.m */ = {isa = PBXFileReference; fileEncoding = 4; lastKnownFileType = sourcecode.c.objc; name = AppDelegate.m; path = Classes/AppDelegate.m; sourceTree = "<group>"; };
		7D5E5B592111A399005D2EA7 /* main.m */ = {isa = PBXFileReference; fileEncoding = 4; lastKnownFileType = sourcecode.c.objc; name = main.m; path = Classes/main.m; sourceTree = "<group>"; };
		7D5E5B5A2111A399005D2EA7 /* ViewController.h */ = {isa = PBXFileReference; fileEncoding = 4; lastKnownFileType = sourcecode.c.h; name = ViewController.h; path = Classes/ViewController.h; sourceTree = "<group>"; };
		7D5E5B5B2111A399005D2EA7 /* ViewController.m */ = {isa = PBXFileReference; fileEncoding = 4; lastKnownFileType = sourcecode.c.objc; name = ViewController.m; path = Classes/ViewController.m; sourceTree = "<group>"; };
		7D5E5B5C2111A39A005D2EA7 /* Info.plist */ = {isa = PBXFileReference; fileEncoding = 4; lastKnownFileType = text.plist.xml; name = Info.plist; path = Classes/Info.plist; sourceTree = "<group>"; };
		7D5E5B612111A3A8005D2EA7 /* Default-568h@2x.png */ = {isa = PBXFileReference; lastKnownFileType = image.png; path = "Default-568h@2x.png"; sourceTree = "<group>"; };
/* End PBXFileReference section */

/* Begin PBXFrameworksBuildPhase section */
		7D5E5B3B21119608005D2EA7 /* Frameworks */ = {
			isa = PBXFrameworksBuildPhase;
			buildActionMask = 2147483647;
			files = (
			);
			runOnlyForDeploymentPostprocessing = 0;
		};
/* End PBXFrameworksBuildPhase section */

/* Begin PBXGroup section */
		7D5E5B3521119608005D2EA7 = {
			isa = PBXGroup;
			children = (
				7D5E5B612111A3A8005D2EA7 /* Default-568h@2x.png */,
				7D5E5B4021119608005D2EA7 /* ZhiXin_test */,
				7D5E5B3F21119608005D2EA7 /* Products */,
			);
			sourceTree = "<group>";
		};
		7D5E5B3F21119608005D2EA7 /* Products */ = {
			isa = PBXGroup;
			children = (
				7D5E5B3E21119608005D2EA7 /* ZhiXin_test.app */,
			);
			name = Products;
			sourceTree = "<group>";
		};
		7D5E5B4021119608005D2EA7 /* ZhiXin_test */ = {
			isa = PBXGroup;
			children = (
				7D5E5B572111A399005D2EA7 /* AppDelegate.h */,
				7D5E5B582111A399005D2EA7 /* AppDelegate.m */,
				7D5E5B5C2111A39A005D2EA7 /* Info.plist */,
				7D5E5B592111A399005D2EA7 /* main.m */,
				7D5E5B5A2111A399005D2EA7 /* ViewController.h */,
				7D5E5B5B2111A399005D2EA7 /* ViewController.m */,
				7D5E5B4721119608005D2EA7 /* Main.storyboard */,
				7D5E5B4A21119609005D2EA7 /* Assets.xcassets */,
				7D5E5B4C21119609005D2EA7 /* LaunchScreen.storyboard */,
			);
			path = ZhiXin_test;
			sourceTree = "<group>";
		};
/* End PBXGroup section */

/* Begin PBXNativeTarget section */
		7D5E5B3D21119608005D2EA7 /* ZhiXin_test */ = {
			isa = PBXNativeTarget;
			buildConfigurationList = 7D5E5B5421119609005D2EA7 /* Build configuration list for PBXNativeTarget "ZhiXin_test" */;
			buildPhases = (
				7D5E5B3A21119608005D2EA7 /* Sources */,
				7D5E5B3B21119608005D2EA7 /* Frameworks */,
				7D5E5B3C21119608005D2EA7 /* Resources */,
			);
			buildRules = (
			);
			dependencies = (
			);
			name = ZhiXin_test;
			productName = ZhiXin_test;
			productReference = 7D5E5B3E21119608005D2EA7 /* ZhiXin_test.app */;
			productType = "com.apple.product-type.application";
		};
/* End PBXNativeTarget section */

/* Begin PBXProject section */
		7D5E5B3621119608005D2EA7 /* Project object */ = {
			isa = PBXProject;
			attributes = {
				LastUpgradeCheck = 0940;
				ORGANIZATIONNAME = ZF;
				TargetAttributes = {
					7D5E5B3D21119608005D2EA7 = {
						CreatedOnToolsVersion = 9.4.1;
					};
				};
			};
			buildConfigurationList = 7D5E5B3921119608005D2EA7 /* Build configuration list for PBXProject "ZhiXin_test" */;
			compatibilityVersion = "Xcode 9.3";
			developmentRegion = en;
			hasScannedForEncodings = 0;
			knownRegions = (
				en,
				Base,
			);
			mainGroup = 7D5E5B3521119608005D2EA7;
			productRefGroup = 7D5E5B3F21119608005D2EA7 /* Products */;
			projectDirPath = "";
			projectRoot = "";
			targets = (
				7D5E5B3D21119608005D2EA7 /* ZhiXin_test */,
			);
		};
/* End PBXProject section */

/* Begin PBXResourcesBuildPhase section */
		7D5E5B3C21119608005D2EA7 /* Resources */ = {
			isa = PBXResourcesBuildPhase;
			buildActionMask = 2147483647;
			files = (
				7D5E5B602111A39A005D2EA7 /* Info.plist in Resources */,
				7D5E5B4E21119609005D2EA7 /* LaunchScreen.storyboard in Resources */,
				7D5E5B4B21119609005D2EA7 /* Assets.xcassets in Resources */,
				7D5E5B622111A3A8005D2EA7 /* Default-568h@2x.png in Resources */,
				7D5E5B4921119608005D2EA7 /* Main.storyboard in Resources */,
			);
			runOnlyForDeploymentPostprocessing = 0;
		};
/* End PBXResourcesBuildPhase section */

/* Begin PBXSourcesBuildPhase section */
		7D5E5B3A21119608005D2EA7 /* Sources */ = {
			isa = PBXSourcesBuildPhase;
			buildActionMask = 2147483647;
			files = (
				7D5E5B5D2111A39A005D2EA7 /* AppDelegate.m in Sources */,
				7D5E5B5E2111A39A005D2EA7 /* main.m in Sources */,
				7D5E5B5F2111A39A005D2EA7 /* ViewController.m in Sources */,
			);
			runOnlyForDeploymentPostprocessing = 0;
		};
/* End PBXSourcesBuildPhase section */

/* Begin PBXVariantGroup section */
		7D5E5B4721119608005D2EA7 /* Main.storyboard */ = {
			isa = PBXVariantGroup;
			children = (
				7D5E5B4821119608005D2EA7 /* Base */,
			);
			name = Main.storyboard;
			sourceTree = "<group>";
		};
		7D5E5B4C21119609005D2EA7 /* LaunchScreen.storyboard */ = {
			isa = PBXVariantGroup;
			children = (
				7D5E5B4D21119609005D2EA7 /* Base */,
			);
			name = LaunchScreen.storyboard;
			sourceTree = "<group>";
		};
/* End PBXVariantGroup section */

/* Begin XCBuildConfiguration section */
		7D5E5B5221119609005D2EA7 /* Debug */ = {
			isa = XCBuildConfiguration;
			buildSettings = {
				ALWAYS_SEARCH_USER_PATHS = NO;
				CLANG_ANALYZER_NONNULL = YES;
				CLANG_ANALYZER_NUMBER_OBJECT_CONVERSION = YES_AGGRESSIVE;
				CLANG_CXX_LANGUAGE_STANDARD = "gnu++14";
				CLANG_CXX_LIBRARY = "libc++";
				CLANG_ENABLE_MODULES = YES;
				CLANG_ENABLE_OBJC_ARC = YES;
				CLANG_ENABLE_OBJC_WEAK = YES;
				CLANG_WARN_BLOCK_CAPTURE_AUTORELEASING = YES;
				CLANG_WARN_BOOL_CONVERSION = YES;
				CLANG_WARN_COMMA = YES;
				CLANG_WARN_CONSTANT_CONVERSION = YES;
				CLANG_WARN_DEPRECATED_OBJC_IMPLEMENTATIONS = YES;
				CLANG_WARN_DIRECT_OBJC_ISA_USAGE = YES_ERROR;
				CLANG_WARN_DOCUMENTATION_COMMENTS = YES;
				CLANG_WARN_EMPTY_BODY = YES;
				CLANG_WARN_ENUM_CONVERSION = YES;
				CLANG_WARN_INFINITE_RECURSION = YES;
				CLANG_WARN_INT_CONVERSION = YES;
				CLANG_WARN_NON_LITERAL_NULL_CONVERSION = YES;
				CLANG_WARN_OBJC_IMPLICIT_RETAIN_SELF = YES;
				CLANG_WARN_OBJC_LITERAL_CONVERSION = YES;
				CLANG_WARN_OBJC_ROOT_CLASS = YES_ERROR;
				CLANG_WARN_RANGE_LOOP_ANALYSIS = YES;
				CLANG_WARN_STRICT_PROTOTYPES = YES;
				CLANG_WARN_SUSPICIOUS_MOVE = YES;
				CLANG_WARN_UNGUARDED_AVAILABILITY = YES_AGGRESSIVE;
				CLANG_WARN_UNREACHABLE_CODE = YES;
				CLANG_WARN__DUPLICATE_METHOD_MATCH = YES;
				CODE_SIGN_IDENTITY = "iPhone Developer";
				COPY_PHASE_STRIP = NO;
				DEBUG_INFORMATION_FORMAT = dwarf;
				ENABLE_STRICT_OBJC_MSGSEND = YES;
				ENABLE_TESTABILITY = YES;
				GCC_C_LANGUAGE_STANDARD = gnu11;
				GCC_DYNAMIC_NO_PIC = NO;
				GCC_NO_COMMON_BLOCKS = YES;
				GCC_OPTIMIZATION_LEVEL = 0;
				GCC_PREPROCESSOR_DEFINITIONS = (
					"DEBUG=1",
					"$(inherited)",
				);
				GCC_WARN_64_TO_32_BIT_CONVERSION = YES;
				GCC_WARN_ABOUT_RETURN_TYPE = YES_ERROR;
				GCC_WARN_UNDECLARED_SELECTOR = YES;
				GCC_WARN_UNINITIALIZED_AUTOS = YES_AGGRESSIVE;
				GCC_WARN_UNUSED_FUNCTION = YES;
				GCC_WARN_UNUSED_VARIABLE = YES;
				IPHONEOS_DEPLOYMENT_TARGET = 11.4;
				MTL_ENABLE_DEBUG_INFO = YES;
				ONLY_ACTIVE_ARCH = YES;
				SDKROOT = iphoneos;
			};
			name = Debug;
		};
		7D5E5B5321119609005D2EA7 /* Release */ = {
			isa = XCBuildConfiguration;
			buildSettings = {
				ALWAYS_SEARCH_USER_PATHS = NO;
				CLANG_ANALYZER_NONNULL = YES;
				CLANG_ANALYZER_NUMBER_OBJECT_CONVERSION = YES_AGGRESSIVE;
				CLANG_CXX_LANGUAGE_STANDARD = "gnu++14";
				CLANG_CXX_LIBRARY = "libc++";
				CLANG_ENABLE_MODULES = YES;
				CLANG_ENABLE_OBJC_ARC = YES;
				CLANG_ENABLE_OBJC_WEAK = YES;
				CLANG_WARN_BLOCK_CAPTURE_AUTORELEASING = YES;
				CLANG_WARN_BOOL_CONVERSION = YES;
				CLANG_WARN_COMMA = YES;
				CLANG_WARN_CONSTANT_CONVERSION = YES;
				CLANG_WARN_DEPRECATED_OBJC_IMPLEMENTATIONS = YES;
				CLANG_WARN_DIRECT_OBJC_ISA_USAGE = YES_ERROR;
				CLANG_WARN_DOCUMENTATION_COMMENTS = YES;
				CLANG_WARN_EMPTY_BODY = YES;
				CLANG_WARN_ENUM_CONVERSION = YES;
				CLANG_WARN_INFINITE_RECURSION = YES;
				CLANG_WARN_INT_CONVERSION = YES;
				CLANG_WARN_NON_LITERAL_NULL_CONVERSION = YES;
				CLANG_WARN_OBJC_IMPLICIT_RETAIN_SELF = YES;
				CLANG_WARN_OBJC_LITERAL_CONVERSION = YES;
				CLANG_WARN_OBJC_ROOT_CLASS = YES_ERROR;
				CLANG_WARN_RANGE_LOOP_ANALYSIS = YES;
				CLANG_WARN_STRICT_PROTOTYPES = YES;
				CLANG_WARN_SUSPICIOUS_MOVE = YES;
				CLANG_WARN_UNGUARDED_AVAILABILITY = YES_AGGRESSIVE;
				CLANG_WARN_UNREACHABLE_CODE = YES;
				CLANG_WARN__DUPLICATE_METHOD_MATCH = YES;
				CODE_SIGN_IDENTITY = "iPhone Developer";
				COPY_PHASE_STRIP = NO;
				DEBUG_INFORMATION_FORMAT = "dwarf-with-dsym";
				ENABLE_NS_ASSERTIONS = NO;
				ENABLE_STRICT_OBJC_MSGSEND = YES;
				GCC_C_LANGUAGE_STANDARD = gnu11;
				GCC_NO_COMMON_BLOCKS = YES;
				GCC_WARN_64_TO_32_BIT_CONVERSION = YES;
				GCC_WARN_ABOUT_RETURN_TYPE = YES_ERROR;
				GCC_WARN_UNDECLARED_SELECTOR = YES;
				GCC_WARN_UNINITIALIZED_AUTOS = YES_AGGRESSIVE;
				GCC_WARN_UNUSED_FUNCTION = YES;
				GCC_WARN_UNUSED_VARIABLE = YES;
				IPHONEOS_DEPLOYMENT_TARGET = 11.4;
				MTL_ENABLE_DEBUG_INFO = NO;
				SDKROOT = iphoneos;
				VALIDATE_PRODUCT = YES;
			};
			name = Release;
		};
		7D5E5B5521119609005D2EA7 /* Debug */ = {
			isa = XCBuildConfiguration;
			buildSettings = {
				ASSETCATALOG_COMPILER_APPICON_NAME = AppIcon;
				CODE_SIGN_STYLE = Automatic;
				INFOPLIST_FILE = ZhiXin_test/Classes/Info.plist;
				LD_RUNPATH_SEARCH_PATHS = (
					"$(inherited)",
					"@executable_path/Frameworks",
				);
				PRODUCT_BUNDLE_IDENTIFIER = "com.WH.ZhiXin-test";
				PRODUCT_NAME = "$(TARGET_NAME)";
				TARGETED_DEVICE_FAMILY = "1,2";
			};
			name = Debug;
		};
		7D5E5B5621119609005D2EA7 /* Release */ = {
			isa = XCBuildConfiguration;
			buildSettings = {
				ASSETCATALOG_COMPILER_APPICON_NAME = AppIcon;
				CODE_SIGN_STYLE = Automatic;
				INFOPLIST_FILE = ZhiXin_test/Classes/Info.plist;
				LD_RUNPATH_SEARCH_PATHS = (
					"$(inherited)",
					"@executable_path/Frameworks",
				);
				PRODUCT_BUNDLE_IDENTIFIER = "com.WH.ZhiXin-test";
				PRODUCT_NAME = "$(TARGET_NAME)";
				TARGETED_DEVICE_FAMILY = "1,2";
			};
			name = Release;
		};
/* End XCBuildConfiguration section */

/* Begin XCConfigurationList section */
		7D5E5B3921119608005D2EA7 /* Build configuration list for PBXProject "ZhiXin_test" */ = {
			isa = XCConfigurationList;
			buildConfigurations = (
				7D5E5B5221119609005D2EA7 /* Debug */,
				7D5E5B5321119609005D2EA7 /* Release */,
			);
			defaultConfigurationIsVisible = 0;
			defaultConfigurationName = Release;
		};
		7D5E5B5421119609005D2EA7 /* Build configuration list for PBXNativeTarget "ZhiXin_test" */ = {
			isa = XCConfigurationList;
			buildConfigurations = (
				7D5E5B5521119609005D2EA7 /* Debug */,
				7D5E5B5621119609005D2EA7 /* Release */,
			);
			defaultConfigurationIsVisible = 0;
			defaultConfigurationName = Release;
		};
/* End XCConfigurationList section */
	};
	rootObject = 7D5E5B3621119608005D2EA7 /* Project object */;
}
